
Microsoft Visual Studio Solution File, Format Version 12.00
# Visual Studio Version 17
VisualStudioVersion = 17.3.32901.215
MinimumVisualStudioVersion = 10.0.40219.1
Project("{FAE04EC0-301F-11D3-BF4B-00C04F79EFBC}") = "08.10", "08.10\08.10.csproj", "{9919C7A9-1EA4-4D44-8437-41D7DB72E62D}"
EndProject
Global
	GlobalSection(SolutionConfigurationPlatforms) = preSolution
		Debug|Any CPU = Debug|Any CPU
		Release|Any CPU = Release|Any CPU
	EndGlobalSection
	GlobalSection(ProjectConfigurationPlatforms) = postSolution
		{9919C7A9-1EA4-4D44-8437-41D7DB72E62D}.Debug|Any CPU.ActiveCfg = Debug|Any CPU
		{9919C7A9-1EA4-4D44-8437-41D7DB72E62D}.Debug|Any CPU.Build.0 = Debug|Any CPU
		{9919C7A9-1EA4-4D44-8437-41D7DB72E62D}.Release|Any CPU.ActiveCfg = Release|Any CPU
		{9919C7A9-1EA4-4D44-8437-41D7DB72E62D}.Release|Any CPU.Build.0 = Release|Any CPU
	EndGlobalSection
	GlobalSection(SolutionProperties) = preSolution
		HideSolutionNode = FALSE
	EndGlobalSection
	GlobalSection(ExtensibilityGlobals) = postSolution
		SolutionGuid = {F5EF90B1-7435-42C9-8272-893868F74884}
	EndGlobalSection
EndGlobal
